<?xml version="1.0" encoding="utf-8"?>
<Project ToolsVersion="4.0" xmlns="http://schemas.microsoft.com/developer/msbuild/2003">
  <ItemGroup>
    <ClCompile Include="Field.cpp">
      <Filter>Source Files</Filter>
    </ClCompile>
    <ClCompile Include="Game.cpp">
      <Filter>Source Files</Filter>
    </ClCompile>
    <ClCompile Include="QuadTile.cpp">
      <Filter>Source Files</Filter>
    </ClCompile>
    <ClCompile Include="precomp.cpp">
      <Filter>Source Files</Filter>
    </ClCompile>
    <ClCompile Include="program.cpp">
      <Filter>Source Files</Filter>
    </ClCompile>
    <ClCompile Include="Direction.cpp">
      <Filter>Source Files</Filter>
    </ClCompile>
    <ClCompile Include="Character.cpp">
      <Filter>Source Files\Enemy</Filter>
    </ClCompile>
    <ClCompile Include="Pacman.cpp">
      <Filter>Source Files\Enemy</Filter>
    </ClCompile>
  </ItemGroup>
  <ItemGroup>
    <ClInclude Include="Field.h">
      <Filter>Header Files</Filter>
    </ClInclude>
    <ClInclude Include="Game.h">
      <Filter>Header Files</Filter>
    </ClInclude>
    <ClInclude Include="precomp.h">
      <Filter>Header Files</Filter>
    </ClInclude>
    <ClInclude Include="program.h">
      <Filter>Header Files</Filter>
    </ClInclude>
    <ClInclude Include="QuadTile.h">
      <Filter>Header Files</Filter>
    </ClInclude>
    <ClInclude Include="FieldType.h">
      <Filter>Header Files</Filter>
    </ClInclude>
    <ClInclude Include="Direction.h">
      <Filter>Header Files</Filter>
    </ClInclude>
    <ClInclude Include="Pacman.h">
      <Filter>Header Files\Enemy</Filter>
    </ClInclude>
    <ClInclude Include="Character.h">
      <Filter>Header Files\Enemy</Filter>
    </ClInclude>
  </ItemGroup>
  <ItemGroup>
    <Filter Include="Source Files">
      <UniqueIdentifier>{f273b9a3-57b7-4e21-a282-65abeeedb2ea}</UniqueIdentifier>
    </Filter>
    <Filter Include="Header Files">
      <UniqueIdentifier>{1910c340-62f4-49f6-9ad0-f8e9e7adddef}</UniqueIdentifier>
    </Filter>
    <Filter Include="Resources">
      <UniqueIdentifier>{0641b6d3-fedc-419f-aa3f-ab3f17f6b41f}</UniqueIdentifier>
    </Filter>
    <Filter Include="Header Files\Enemy">
      <UniqueIdentifier>{5b9a8bf3-5536-444c-8b9d-ee15ade61f39}</UniqueIdentifier>
    </Filter>
    <Filter Include="Source Files\Enemy">
      <UniqueIdentifier>{504f6b91-6a9d-4ba2-beca-3c152513b685}</UniqueIdentifier>
    </Filter>
  </ItemGroup>
  <ItemGroup>
    <None Include="resources\field_enemyinfluence_high.png">
      <Filter>Resources</Filter>
    </None>
    <None Include="resources\field_enemyinfluence_middle.png">
      <Filter>Resources</Filter>
    </None>
    <None Include="resources\field_gras.png">
      <Filter>Resources</Filter>
    </None>
    <None Include="resources\field_road.png">
      <Filter>Resources</Filter>
    </None>
    <None Include="resources\field_unwalkable.png">
      <Filter>Resources</Filter>
    </None>
    <None Include="resources\field_water.png">
      <Filter>Resources</Filter>
    </None>
    <None Include="resources\pacman.png">
      <Filter>Resources</Filter>
    </None>
    <None Include="resources\point_start.png">
      <Filter>Resources</Filter>
    </None>
    <None Include="resources\point_target.png">
      <Filter>Resources</Filter>
    </None>
  </ItemGroup>
</Project>